
Microsoft Visual Studio Solution File, Format Version 12.00
# Visual Studio Version 17
VisualStudioVersion = 17.5.33627.172
MinimumVisualStudioVersion = 10.0.40219.1
Project("{FAE04EC0-301F-11D3-BF4B-00C04F79EFBC}") = "Cash Register", "Cash Register.csproj", "{9AC15721-6A9C-48B4-854B-3AFC77F14715}"
EndProject
Global
	GlobalSection(SolutionConfigurationPlatforms) = preSolution
		Debug|Any CPU = Debug|Any CPU
		Release|Any CPU = Release|Any CPU
	EndGlobalSection
	GlobalSection(ProjectConfigurationPlatforms) = postSolution
		{9AC15721-6A9C-48B4-854B-3AFC77F14715}.Debug|Any CPU.ActiveCfg = Debug|Any CPU
		{9AC15721-6A9C-48B4-854B-3AFC77F14715}.Debug|Any CPU.Build.0 = Debug|Any CPU
		{9AC15721-6A9C-48B4-854B-3AFC77F14715}.Release|Any CPU.ActiveCfg = Release|Any CPU
		{9AC15721-6A9C-48B4-854B-3AFC77F14715}.Release|Any CPU.Build.0 = Release|Any CPU
	EndGlobalSection
	GlobalSection(SolutionProperties) = preSolution
		HideSolutionNode = FALSE
	EndGlobalSection
	GlobalSection(ExtensibilityGlobals) = postSolution
		SolutionGuid = {B919F534-2FCE-4E41-B243-87358564BCA8}
	EndGlobalSection
EndGlobal
